// !$*UTF8*$!
{
	archiveVersion = 1;
	classes = {
	};
	objectVersion = 55;
	objects = {

/* Begin PBXBuildFile section */
		0A4A97602815BA4700E43BD3 /* Tests_iOS.swift in Sources */ = {isa = PBXBuildFile; fileRef = 0A4A975F2815BA4700E43BD3 /* Tests_iOS.swift */; };
		0A4A97622815BA4700E43BD3 /* Tests_iOSLaunchTests.swift in Sources */ = {isa = PBXBuildFile; fileRef = 0A4A97612815BA4700E43BD3 /* Tests_iOSLaunchTests.swift */; };
		0A4A976C2815BA4700E43BD3 /* Tests_macOS.swift in Sources */ = {isa = PBXBuildFile; fileRef = 0A4A976B2815BA4700E43BD3 /* Tests_macOS.swift */; };
		0A4A976E2815BA4700E43BD3 /* Tests_macOSLaunchTests.swift in Sources */ = {isa = PBXBuildFile; fileRef = 0A4A976D2815BA4700E43BD3 /* Tests_macOSLaunchTests.swift */; };
		0A4A976F2815BA4700E43BD3 /* Science_CalculatorApp.swift in Sources */ = {isa = PBXBuildFile; fileRef = 0A4A97472815BA4600E43BD3 /* Science_CalculatorApp.swift */; };
		0A4A97702815BA4700E43BD3 /* Science_CalculatorApp.swift in Sources */ = {isa = PBXBuildFile; fileRef = 0A4A97472815BA4600E43BD3 /* Science_CalculatorApp.swift */; };
		0A4A97712815BA4700E43BD3 /* ContentView.swift in Sources */ = {isa = PBXBuildFile; fileRef = 0A4A97482815BA4600E43BD3 /* ContentView.swift */; };
		0A4A97722815BA4700E43BD3 /* ContentView.swift in Sources */ = {isa = PBXBuildFile; fileRef = 0A4A97482815BA4600E43BD3 /* ContentView.swift */; };
		0A4A97732815BA4700E43BD3 /* Assets.xcassets in Resources */ = {isa = PBXBuildFile; fileRef = 0A4A97492815BA4700E43BD3 /* Assets.xcassets */; };
		0A4A97742815BA4700E43BD3 /* Assets.xcassets in Resources */ = {isa = PBXBuildFile; fileRef = 0A4A97492815BA4700E43BD3 /* Assets.xcassets */; };
/* End PBXBuildFile section */

/* Begin PBXContainerItemProxy section */
		0A4A975C2815BA4700E43BD3 /* PBXContainerItemProxy */ = {
			isa = PBXContainerItemProxy;
			containerPortal = 0A4A97422815BA4500E43BD3 /* Project object */;
			proxyType = 1;
			remoteGlobalIDString = 0A4A974D2815BA4700E43BD3;
			remoteInfo = "Science Calculator (iOS)";
		};
		0A4A97682815BA4700E43BD3 /* PBXContainerItemProxy */ = {
			isa = PBXContainerItemProxy;
			containerPortal = 0A4A97422815BA4500E43BD3 /* Project object */;
			proxyType = 1;
			remoteGlobalIDString = 0A4A97532815BA4700E43BD3;
			remoteInfo = "Science Calculator (macOS)";
		};
/* End PBXContainerItemProxy section */

/* Begin PBXFileReference section */
		0A4A97472815BA4600E43BD3 /* Science_CalculatorApp.swift */ = {isa = PBXFileReference; lastKnownFileType = sourcecode.swift; path = Science_CalculatorApp.swift; sourceTree = "<group>"; };
		0A4A97482815BA4600E43BD3 /* ContentView.swift */ = {isa = PBXFileReference; lastKnownFileType = sourcecode.swift; path = ContentView.swift; sourceTree = "<group>"; };
		0A4A97492815BA4700E43BD3 /* Assets.xcassets */ = {isa = PBXFileReference; lastKnownFileType = folder.assetcatalog; path = Assets.xcassets; sourceTree = "<group>"; };
		0A4A974E2815BA4700E43BD3 /* Science Calculator.app */ = {isa = PBXFileReference; explicitFileType = wrapper.application; includeInIndex = 0; path = "Science Calculator.app"; sourceTree = BUILT_PRODUCTS_DIR; };
		0A4A97542815BA4700E43BD3 /* Science Calculator.app */ = {isa = PBXFileReference; explicitFileType = wrapper.application; includeInIndex = 0; path = "Science Calculator.app"; sourceTree = BUILT_PRODUCTS_DIR; };
		0A4A97562815BA4700E43BD3 /* macOS.entitlements */ = {isa = PBXFileReference; lastKnownFileType = text.plist.entitlements; path = macOS.entitlements; sourceTree = "<group>"; };
		0A4A975B2815BA4700E43BD3 /* Tests iOS.xctest */ = {isa = PBXFileReference; explicitFileType = wrapper.cfbundle; includeInIndex = 0; path = "Tests iOS.xctest"; sourceTree = BUILT_PRODUCTS_DIR; };
		0A4A975F2815BA4700E43BD3 /* Tests_iOS.swift */ = {isa = PBXFileReference; lastKnownFileType = sourcecode.swift; path = Tests_iOS.swift; sourceTree = "<group>"; };
		0A4A97612815BA4700E43BD3 /* Tests_iOSLaunchTests.swift */ = {isa = PBXFileReference; lastKnownFileType = sourcecode.swift; path = Tests_iOSLaunchTests.swift; sourceTree = "<group>"; };
		0A4A97672815BA4700E43BD3 /* Tests macOS.xctest */ = {isa = PBXFileReference; explicitFileType = wrapper.cfbundle; includeInIndex = 0; path = "Tests macOS.xctest"; sourceTree = BUILT_PRODUCTS_DIR; };
		0A4A976B2815BA4700E43BD3 /* Tests_macOS.swift */ = {isa = PBXFileReference; lastKnownFileType = sourcecode.swift; path = Tests_macOS.swift; sourceTree = "<group>"; };
		0A4A976D2815BA4700E43BD3 /* Tests_macOSLaunchTests.swift */ = {isa = PBXFileReference; lastKnownFileType = sourcecode.swift; path = Tests_macOSLaunchTests.swift; sourceTree = "<group>"; };
/* End PBXFileReference section */

/* Begin PBXFrameworksBuildPhase section */
		0A4A974B2815BA4700E43BD3 /* Frameworks */ = {
			isa = PBXFrameworksBuildPhase;
			buildActionMask = 2147483647;
			files = (
			);
			runOnlyForDeploymentPostprocessing = 0;
		};
		0A4A97512815BA4700E43BD3 /* Frameworks */ = {
			isa = PBXFrameworksBuildPhase;
			buildActionMask = 2147483647;
			files = (
			);
			runOnlyForDeploymentPostprocessing = 0;
		};
		0A4A97582815BA4700E43BD3 /* Frameworks */ = {
			isa = PBXFrameworksBuildPhase;
			buildActionMask = 2147483647;
			files = (
			);
			runOnlyForDeploymentPostprocessing = 0;
		};
		0A4A97642815BA4700E43BD3 /* Frameworks */ = {
			isa = PBXFrameworksBuildPhase;
			buildActionMask = 2147483647;
			files = (
			);
			runOnlyForDeploymentPostprocessing = 0;
		};
/* End PBXFrameworksBuildPhase section */

/* Begin PBXGroup section */
		0A4A97412815BA4500E43BD3 = {
			isa = PBXGroup;
			children = (
				0A4A97462815BA4500E43BD3 /* Shared */,
				0A4A97552815BA4700E43BD3 /* macOS */,
				0A4A975E2815BA4700E43BD3 /* Tests iOS */,
				0A4A976A2815BA4700E43BD3 /* Tests macOS */,
				0A4A974F2815BA4700E43BD3 /* Products */,
			);
			sourceTree = "<group>";
		};
		0A4A97462815BA4500E43BD3 /* Shared */ = {
			isa = PBXGroup;
			children = (
				0A4A97472815BA4600E43BD3 /* Science_CalculatorApp.swift */,
				0A4A97482815BA4600E43BD3 /* ContentView.swift */,
				0A4A97492815BA4700E43BD3 /* Assets.xcassets */,
			);
			path = Shared;
			sourceTree = "<group>";
		};
		0A4A974F2815BA4700E43BD3 /* Products */ = {
			isa = PBXGroup;
			children = (
				0A4A974E2815BA4700E43BD3 /* Science Calculator.app */,
				0A4A97542815BA4700E43BD3 /* Science Calculator.app */,
				0A4A975B2815BA4700E43BD3 /* Tests iOS.xctest */,
				0A4A97672815BA4700E43BD3 /* Tests macOS.xctest */,
			);
			name = Products;
			sourceTree = "<group>";
		};
		0A4A97552815BA4700E43BD3 /* macOS */ = {
			isa = PBXGroup;
			children = (
				0A4A97562815BA4700E43BD3 /* macOS.entitlements */,
			);
			path = macOS;
			sourceTree = "<group>";
		};
		0A4A975E2815BA4700E43BD3 /* Tests iOS */ = {
			isa = PBXGroup;
			children = (
				0A4A975F2815BA4700E43BD3 /* Tests_iOS.swift */,
				0A4A97612815BA4700E43BD3 /* Tests_iOSLaunchTests.swift */,
			);
			path = "Tests iOS";
			sourceTree = "<group>";
		};
		0A4A976A2815BA4700E43BD3 /* Tests macOS */ = {
			isa = PBXGroup;
			children = (
				0A4A976B2815BA4700E43BD3 /* Tests_macOS.swift */,
				0A4A976D2815BA4700E43BD3 /* Tests_macOSLaunchTests.swift */,
			);
			path = "Tests macOS";
			sourceTree = "<group>";
		};
/* End PBXGroup section */

/* Begin PBXNativeTarget section */
		0A4A974D2815BA4700E43BD3 /* Science Calculator (iOS) */ = {
			isa = PBXNativeTarget;
			buildConfigurationList = 0A4A97772815BA4700E43BD3 /* Build configuration list for PBXNativeTarget "Science Calculator (iOS)" */;
			buildPhases = (
				0A4A974A2815BA4700E43BD3 /* Sources */,
				0A4A974B2815BA4700E43BD3 /* Frameworks */,
				0A4A974C2815BA4700E43BD3 /* Resources */,
			);
			buildRules = (
			);
			dependencies = (
			);
			name = "Science Calculator (iOS)";
			productName = "Science Calculator (iOS)";
			productReference = 0A4A974E2815BA4700E43BD3 /* Science Calculator.app */;
			productType = "com.apple.product-type.application";
		};
		0A4A97532815BA4700E43BD3 /* Science Calculator (macOS) */ = {
			isa = PBXNativeTarget;
			buildConfigurationList = 0A4A977A2815BA4700E43BD3 /* Build configuration list for PBXNativeTarget "Science Calculator (macOS)" */;
			buildPhases = (
				0A4A97502815BA4700E43BD3 /* Sources */,
				0A4A97512815BA4700E43BD3 /* Frameworks */,
				0A4A97522815BA4700E43BD3 /* Resources */,
			);
			buildRules = (
			);
			dependencies = (
			);
			name = "Science Calculator (macOS)";
			productName = "Science Calculator (macOS)";
			productReference = 0A4A97542815BA4700E43BD3 /* Science Calculator.app */;
			productType = "com.apple.product-type.application";
		};
		0A4A975A2815BA4700E43BD3 /* Tests iOS */ = {
			isa = PBXNativeTarget;
			buildConfigurationList = 0A4A977D2815BA4700E43BD3 /* Build configuration list for PBXNativeTarget "Tests iOS" */;
			buildPhases = (
				0A4A97572815BA4700E43BD3 /* Sources */,
				0A4A97582815BA4700E43BD3 /* Frameworks */,
				0A4A97592815BA4700E43BD3 /* Resources */,
			);
			buildRules = (
			);
			dependencies = (
				0A4A975D2815BA4700E43BD3 /* PBXTargetDependency */,
			);
			name = "Tests iOS";
			productName = "Tests iOS";
			productReference = 0A4A975B2815BA4700E43BD3 /* Tests iOS.xctest */;
			productType = "com.apple.product-type.bundle.ui-testing";
		};
		0A4A97662815BA4700E43BD3 /* Tests macOS */ = {
			isa = PBXNativeTarget;
			buildConfigurationList = 0A4A97802815BA4700E43BD3 /* Build configuration list for PBXNativeTarget "Tests macOS" */;
			buildPhases = (
				0A4A97632815BA4700E43BD3 /* Sources */,
				0A4A97642815BA4700E43BD3 /* Frameworks */,
				0A4A97652815BA4700E43BD3 /* Resources */,
			);
			buildRules = (
			);
			dependencies = (
				0A4A97692815BA4700E43BD3 /* PBXTargetDependency */,
			);
			name = "Tests macOS";
			productName = "Tests macOS";
			productReference = 0A4A97672815BA4700E43BD3 /* Tests macOS.xctest */;
			productType = "com.apple.product-type.bundle.ui-testing";
		};
/* End PBXNativeTarget section */

/* Begin PBXProject section */
		0A4A97422815BA4500E43BD3 /* Project object */ = {
			isa = PBXProject;
			attributes = {
				BuildIndependentTargetsInParallel = 1;
				LastSwiftUpdateCheck = 1330;
				LastUpgradeCheck = 1330;
				TargetAttributes = {
					0A4A974D2815BA4700E43BD3 = {
						CreatedOnToolsVersion = 13.3;
					};
					0A4A97532815BA4700E43BD3 = {
						CreatedOnToolsVersion = 13.3;
					};
					0A4A975A2815BA4700E43BD3 = {
						CreatedOnToolsVersion = 13.3;
						TestTargetID = 0A4A974D2815BA4700E43BD3;
					};
					0A4A97662815BA4700E43BD3 = {
						CreatedOnToolsVersion = 13.3;
						TestTargetID = 0A4A97532815BA4700E43BD3;
					};
				};
			};
			buildConfigurationList = 0A4A97452815BA4500E43BD3 /* Build configuration list for PBXProject "Science Calculator" */;
			compatibilityVersion = "Xcode 13.0";
			developmentRegion = en;
			hasScannedForEncodings = 0;
			knownRegions = (
				en,
				Base,
			);
			mainGroup = 0A4A97412815BA4500E43BD3;
			productRefGroup = 0A4A974F2815BA4700E43BD3 /* Products */;
			projectDirPath = "";
			projectRoot = "";
			targets = (
				0A4A974D2815BA4700E43BD3 /* Science Calculator (iOS) */,
				0A4A97532815BA4700E43BD3 /* Science Calculator (macOS) */,
				0A4A975A2815BA4700E43BD3 /* Tests iOS */,
				0A4A97662815BA4700E43BD3 /* Tests macOS */,
			);
		};
/* End PBXProject section */

/* Begin PBXResourcesBuildPhase section */
		0A4A974C2815BA4700E43BD3 /* Resources */ = {
			isa = PBXResourcesBuildPhase;
			buildActionMask = 2147483647;
			files = (
				0A4A97732815BA4700E43BD3 /* Assets.xcassets in Resources */,
			);
			runOnlyForDeploymentPostprocessing = 0;
		};
		0A4A97522815BA4700E43BD3 /* Resources */ = {
			isa = PBXResourcesBuildPhase;
			buildActionMask = 2147483647;
			files = (
				0A4A97742815BA4700E43BD3 /* Assets.xcassets in Resources */,
			);
			runOnlyForDeploymentPostprocessing = 0;
		};
		0A4A97592815BA4700E43BD3 /* Resources */ = {
			isa = PBXResourcesBuildPhase;
			buildActionMask = 2147483647;
			files = (
			);
			runOnlyForDeploymentPostprocessing = 0;
		};
		0A4A97652815BA4700E43BD3 /* Resources */ = {
			isa = PBXResourcesBuildPhase;
			buildActionMask = 2147483647;
			files = (
			);
			runOnlyForDeploymentPostprocessing = 0;
		};
/* End PBXResourcesBuildPhase section */

/* Begin PBXSourcesBuildPhase section */
		0A4A974A2815BA4700E43BD3 /* Sources */ = {
			isa = PBXSourcesBuildPhase;
			buildActionMask = 2147483647;
			files = (
				0A4A97712815BA4700E43BD3 /* ContentView.swift in Sources */,
				0A4A976F2815BA4700E43BD3 /* Science_CalculatorApp.swift in Sources */,
			);
			runOnlyForDeploymentPostprocessing = 0;
		};
		0A4A97502815BA4700E43BD3 /* Sources */ = {
			isa = PBXSourcesBuildPhase;
			buildActionMask = 2147483647;
			files = (
				0A4A97722815BA4700E43BD3 /* ContentView.swift in Sources */,
				0A4A97702815BA4700E43BD3 /* Science_CalculatorApp.swift in Sources */,
			);
			runOnlyForDeploymentPostprocessing = 0;
		};
		0A4A97572815BA4700E43BD3 /* Sources */ = {
			isa = PBXSourcesBuildPhase;
			buildActionMask = 2147483647;
			files = (
				0A4A97622815BA4700E43BD3 /* Tests_iOSLaunchTests.swift in Sources */,
				0A4A97602815BA4700E43BD3 /* Tests_iOS.swift in Sources */,
			);
			runOnlyForDeploymentPostprocessing = 0;
		};
		0A4A97632815BA4700E43BD3 /* Sources */ = {
			isa = PBXSourcesBuildPhase;
			buildActionMask = 2147483647;
			files = (
				0A4A976E2815BA4700E43BD3 /* Tests_macOSLaunchTests.swift in Sources */,
				0A4A976C2815BA4700E43BD3 /* Tests_macOS.swift in Sources */,
			);
			runOnlyForDeploymentPostprocessing = 0;
		};
/* End PBXSourcesBuildPhase section */

/* Begin PBXTargetDependency section */
		0A4A975D2815BA4700E43BD3 /* PBXTargetDependency */ = {
			isa = PBXTargetDependency;
			target = 0A4A974D2815BA4700E43BD3 /* Science Calculator (iOS) */;
			targetProxy = 0A4A975C2815BA4700E43BD3 /* PBXContainerItemProxy */;
		};
		0A4A97692815BA4700E43BD3 /* PBXTargetDependency */ = {
			isa = PBXTargetDependency;
			target = 0A4A97532815BA4700E43BD3 /* Science Calculator (macOS) */;
			targetProxy = 0A4A97682815BA4700E43BD3 /* PBXContainerItemProxy */;
		};
/* End PBXTargetDependency section */

/* Begin XCBuildConfiguration section */
		0A4A97752815BA4700E43BD3 /* Debug */ = {
			isa = XCBuildConfiguration;
			buildSettings = {
				ALWAYS_SEARCH_USER_PATHS = NO;
				CLANG_ANALYZER_NONNULL = YES;
				CLANG_ANALYZER_NUMBER_OBJECT_CONVERSION = YES_AGGRESSIVE;
				CLANG_CXX_LANGUAGE_STANDARD = "gnu++17";
				CLANG_ENABLE_MODULES = YES;
				CLANG_ENABLE_OBJC_ARC = YES;
				CLANG_ENABLE_OBJC_WEAK = YES;
				CLANG_WARN_BLOCK_CAPTURE_AUTORELEASING = YES;
				CLANG_WARN_BOOL_CONVERSION = YES;
				CLANG_WARN_COMMA = YES;
				CLANG_WARN_CONSTANT_CONVERSION = YES;
				CLANG_WARN_DEPRECATED_OBJC_IMPLEMENTATIONS = YES;
				CLANG_WARN_DIRECT_OBJC_ISA_USAGE = YES_ERROR;
				CLANG_WARN_DOCUMENTATION_COMMENTS = YES;
				CLANG_WARN_EMPTY_BODY = YES;
				CLANG_WARN_ENUM_CONVERSION = YES;
				CLANG_WARN_INFINITE_RECURSION = YES;
				CLANG_WARN_INT_CONVERSION = YES;
				CLANG_WARN_NON_LITERAL_NULL_CONVERSION = YES;
				CLANG_WARN_OBJC_IMPLICIT_RETAIN_SELF = YES;
				CLANG_WARN_OBJC_LITERAL_CONVERSION = YES;
				CLANG_WARN_OBJC_ROOT_CLASS = YES_ERROR;
				CLANG_WARN_QUOTED_INCLUDE_IN_FRAMEWORK_HEADER = YES;
				CLANG_WARN_RANGE_LOOP_ANALYSIS = YES;
				CLANG_WARN_STRICT_PROTOTYPES = YES;
				CLANG_WARN_SUSPICIOUS_MOVE = YES;
				CLANG_WARN_UNGUARDED_AVAILABILITY = YES_AGGRESSIVE;
				CLANG_WARN_UNREACHABLE_CODE = YES;
				CLANG_WARN__DUPLICATE_METHOD_MATCH = YES;
				COPY_PHASE_STRIP = NO;
				DEBUG_INFORMATION_FORMAT = dwarf;
				ENABLE_STRICT_OBJC_MSGSEND = YES;
				ENABLE_TESTABILITY = YES;
				GCC_C_LANGUAGE_STANDARD = gnu11;
				GCC_DYNAMIC_NO_PIC = NO;
				GCC_NO_COMMON_BLOCKS = YES;
				GCC_OPTIMIZATION_LEVEL = 0;
				GCC_PREPROCESSOR_DEFINITIONS = (
					"DEBUG=1",
					"$(inherited)",
				);
				GCC_WARN_64_TO_32_BIT_CONVERSION = YES;
				GCC_WARN_ABOUT_RETURN_TYPE = YES_ERROR;
				GCC_WARN_UNDECLARED_SELECTOR = YES;
				GCC_WARN_UNINITIALIZED_AUTOS = YES_AGGRESSIVE;
				GCC_WARN_UNUSED_FUNCTION = YES;
				GCC_WARN_UNUSED_VARIABLE = YES;
				MTL_ENABLE_DEBUG_INFO = INCLUDE_SOURCE;
				MTL_FAST_MATH = YES;
				ONLY_ACTIVE_ARCH = YES;
				SWIFT_ACTIVE_COMPILATION_CONDITIONS = DEBUG;
				SWIFT_OPTIMIZATION_LEVEL = "-Onone";
			};
			name = Debug;
		};
		0A4A97762815BA4700E43BD3 /* Release */ = {
			isa = XCBuildConfiguration;
			buildSettings = {
				ALWAYS_SEARCH_USER_PATHS = NO;
				CLANG_ANALYZER_NONNULL = YES;
				CLANG_ANALYZER_NUMBER_OBJECT_CONVERSION = YES_AGGRESSIVE;
				CLANG_CXX_LANGUAGE_STANDARD = "gnu++17";
				CLANG_ENABLE_MODULES = YES;
				CLANG_ENABLE_OBJC_ARC = YES;
				CLANG_ENABLE_OBJC_WEAK = YES;
				CLANG_WARN_BLOCK_CAPTURE_AUTORELEASING = YES;
				CLANG_WARN_BOOL_CONVERSION = YES;
				CLANG_WARN_COMMA = YES;
				CLANG_WARN_CONSTANT_CONVERSION = YES;
				CLANG_WARN_DEPRECATED_OBJC_IMPLEMENTATIONS = YES;
				CLANG_WARN_DIRECT_OBJC_ISA_USAGE = YES_ERROR;
				CLANG_WARN_DOCUMENTATION_COMMENTS = YES;
				CLANG_WARN_EMPTY_BODY = YES;
				CLANG_WARN_ENUM_CONVERSION = YES;
				CLANG_WARN_INFINITE_RECURSION = YES;
				CLANG_WARN_INT_CONVERSION = YES;
				CLANG_WARN_NON_LITERAL_NULL_CONVERSION = YES;
				CLANG_WARN_OBJC_IMPLICIT_RETAIN_SELF = YES;
				CLANG_WARN_OBJC_LITERAL_CONVERSION = YES;
				CLANG_WARN_OBJC_ROOT_CLASS = YES_ERROR;
				CLANG_WARN_QUOTED_INCLUDE_IN_FRAMEWORK_HEADER = YES;
				CLANG_WARN_RANGE_LOOP_ANALYSIS = YES;
				CLANG_WARN_STRICT_PROTOTYPES = YES;
				CLANG_WARN_SUSPICIOUS_MOVE = YES;
				CLANG_WARN_UNGUARDED_AVAILABILITY = YES_AGGRESSIVE;
				CLANG_WARN_UNREACHABLE_CODE = YES;
				CLANG_WARN__DUPLICATE_METHOD_MATCH = YES;
				COPY_PHASE_STRIP = NO;
				DEBUG_INFORMATION_FORMAT = "dwarf-with-dsym";
				ENABLE_NS_ASSERTIONS = NO;
				ENABLE_STRICT_OBJC_MSGSEND = YES;
				GCC_C_LANGUAGE_STANDARD = gnu11;
				GCC_NO_COMMON_BLOCKS = YES;
				GCC_WARN_64_TO_32_BIT_CONVERSION = YES;
				GCC_WARN_ABOUT_RETURN_TYPE = YES_ERROR;
				GCC_WARN_UNDECLARED_SELECTOR = YES;
				GCC_WARN_UNINITIALIZED_AUTOS = YES_AGGRESSIVE;
				GCC_WARN_UNUSED_FUNCTION = YES;
				GCC_WARN_UNUSED_VARIABLE = YES;
				MTL_ENABLE_DEBUG_INFO = NO;
				MTL_FAST_MATH = YES;
				SWIFT_COMPILATION_MODE = wholemodule;
				SWIFT_OPTIMIZATION_LEVEL = "-O";
			};
			name = Release;
		};
		0A4A97782815BA4700E43BD3 /* Debug */ = {
			isa = XCBuildConfiguration;
			buildSettings = {
				ASSETCATALOG_COMPILER_APPICON_NAME = AppIcon;
				ASSETCATALOG_COMPILER_GLOBAL_ACCENT_COLOR_NAME = AccentColor;
				CODE_SIGN_STYLE = Automatic;
				CURRENT_PROJECT_VERSION = 1;
				DEVELOPMENT_TEAM = RV78ENMXZ2;
				ENABLE_PREVIEWS = YES;
				GENERATE_INFOPLIST_FILE = YES;
				INFOPLIST_KEY_UIApplicationSceneManifest_Generation = YES;
				INFOPLIST_KEY_UIApplicationSupportsIndirectInputEvents = YES;
				INFOPLIST_KEY_UILaunchScreen_Generation = YES;
				INFOPLIST_KEY_UISupportedInterfaceOrientations_iPad = "UIInterfaceOrientationPortrait UIInterfaceOrientationPortraitUpsideDown UIInterfaceOrientationLandscapeLeft UIInterfaceOrientationLandscapeRight";
				INFOPLIST_KEY_UISupportedInterfaceOrientations_iPhone = "UIInterfaceOrientationPortrait UIInterfaceOrientationLandscapeLeft UIInterfaceOrientationLandscapeRight";
				IPHONEOS_DEPLOYMENT_TARGET = 15.4;
				LD_RUNPATH_SEARCH_PATHS = (
					"$(inherited)",
					"@executable_path/Frameworks",
				);
				MARKETING_VERSION = 1.0;
				PRODUCT_BUNDLE_IDENTIFIER = "luckdev.Science-Calculator";
				PRODUCT_NAME = "Science Calculator";
				SDKROOT = iphoneos;
				SWIFT_EMIT_LOC_STRINGS = YES;
				SWIFT_VERSION = 5.0;
				TARGETED_DEVICE_FAMILY = "1,2";
			};
			name = Debug;
		};
		0A4A97792815BA4700E43BD3 /* Release */ = {
			isa = XCBuildConfiguration;
			buildSettings = {
				ASSETCATALOG_COMPILER_APPICON_NAME = AppIcon;
				ASSETCATALOG_COMPILER_GLOBAL_ACCENT_COLOR_NAME = AccentColor;
				CODE_SIGN_STYLE = Automatic;
				CURRENT_PROJECT_VERSION = 1;
				DEVELOPMENT_TEAM = RV78ENMXZ2;
				ENABLE_PREVIEWS = YES;
				GENERATE_INFOPLIST_FILE = YES;
				INFOPLIST_KEY_UIApplicationSceneManifest_Generation = YES;
				INFOPLIST_KEY_UIApplicationSupportsIndirectInputEvents = YES;
				INFOPLIST_KEY_UILaunchScreen_Generation = YES;
				INFOPLIST_KEY_UISupportedInterfaceOrientations_iPad = "UIInterfaceOrientationPortrait UIInterfaceOrientationPortraitUpsideDown UIInterfaceOrientationLandscapeLeft UIInterfaceOrientationLandscapeRight";
				INFOPLIST_KEY_UISupportedInterfaceOrientations_iPhone = "UIInterfaceOrientationPortrait UIInterfaceOrientationLandscapeLeft UIInterfaceOrientationLandscapeRight";
				IPHONEOS_DEPLOYMENT_TARGET = 15.4;
				LD_RUNPATH_SEARCH_PATHS = (
					"$(inherited)",
					"@executable_path/Frameworks",
				);
				MARKETING_VERSION = 1.0;
				PRODUCT_BUNDLE_IDENTIFIER = "luckdev.Science-Calculator";
				PRODUCT_NAME = "Science Calculator";
				SDKROOT = iphoneos;
				SWIFT_EMIT_LOC_STRINGS = YES;
				SWIFT_VERSION = 5.0;
				TARGETED_DEVICE_FAMILY = "1,2";
				VALIDATE_PRODUCT = YES;
			};
			name = Release;
		};
		0A4A977B2815BA4700E43BD3 /* Debug */ = {
			isa = XCBuildConfiguration;
			buildSettings = {
				ASSETCATALOG_COMPILER_APPICON_NAME = AppIcon;
				ASSETCATALOG_COMPILER_GLOBAL_ACCENT_COLOR_NAME = AccentColor;
				CODE_SIGN_ENTITLEMENTS = macOS/macOS.entitlements;
				CODE_SIGN_STYLE = Automatic;
				COMBINE_HIDPI_IMAGES = YES;
				CURRENT_PROJECT_VERSION = 1;
				DEVELOPMENT_TEAM = RV78ENMXZ2;
				ENABLE_HARDENED_RUNTIME = YES;
				ENABLE_PREVIEWS = YES;
				GENERATE_INFOPLIST_FILE = YES;
				INFOPLIST_KEY_NSHumanReadableCopyright = "";
				LD_RUNPATH_SEARCH_PATHS = (
					"$(inherited)",
					"@executable_path/../Frameworks",
				);
				MACOSX_DEPLOYMENT_TARGET = 12.2;
				MARKETING_VERSION = 1.0;
				PRODUCT_BUNDLE_IDENTIFIER = "luckdev.Science-Calculator";
				PRODUCT_NAME = "Science Calculator";
				SDKROOT = macosx;
				SWIFT_EMIT_LOC_STRINGS = YES;
				SWIFT_VERSION = 5.0;
			};
			name = Debug;
		};
		0A4A977C2815BA4700E43BD3 /* Release */ = {
			isa = XCBuildConfiguration;
			buildSettings = {
				ASSETCATALOG_COMPILER_APPICON_NAME = AppIcon;
				ASSETCATALOG_COMPILER_GLOBAL_ACCENT_COLOR_NAME = AccentColor;
				CODE_SIGN_ENTITLEMENTS = macOS/macOS.entitlements;
				CODE_SIGN_STYLE = Automatic;
				COMBINE_HIDPI_IMAGES = YES;
				CURRENT_PROJECT_VERSION = 1;
				DEVELOPMENT_TEAM = RV78ENMXZ2;
				ENABLE_HARDENED_RUNTIME = YES;
				ENABLE_PREVIEWS = YES;
				GENERATE_INFOPLIST_FILE = YES;
				INFOPLIST_KEY_NSHumanReadableCopyright = "";
				LD_RUNPATH_SEARCH_PATHS = (
					"$(inherited)",
					"@executable_path/../Frameworks",
				);
				MACOSX_DEPLOYMENT_TARGET = 12.2;
				MARKETING_VERSION = 1.0;
				PRODUCT_BUNDLE_IDENTIFIER = "luckdev.Science-Calculator";
				PRODUCT_NAME = "Science Calculator";
				SDKROOT = macosx;
				SWIFT_EMIT_LOC_STRINGS = YES;
				SWIFT_VERSION = 5.0;
			};
			name = Release;
		};
		0A4A977E2815BA4700E43BD3 /* Debug */ = {
			isa = XCBuildConfiguration;
			buildSettings = {
				ALWAYS_EMBED_SWIFT_STANDARD_LIBRARIES = YES;
				CODE_SIGN_STYLE = Automatic;
				CURRENT_PROJECT_VERSION = 1;
				DEVELOPMENT_TEAM = RV78ENMXZ2;
				GENERATE_INFOPLIST_FILE = YES;
				IPHONEOS_DEPLOYMENT_TARGET = 15.4;
				MARKETING_VERSION = 1.0;
				PRODUCT_BUNDLE_IDENTIFIER = "luckdev.Tests-iOS";
				PRODUCT_NAME = "$(TARGET_NAME)";
				SDKROOT = iphoneos;
				SWIFT_EMIT_LOC_STRINGS = NO;
				SWIFT_VERSION = 5.0;
				TARGETED_DEVICE_FAMILY = "1,2";
				TEST_TARGET_NAME = "Science Calculator (iOS)";
			};
			name = Debug;
		};
		0A4A977F2815BA4700E43BD3 /* Release */ = {
			isa = XCBuildConfiguration;
			buildSettings = {
				ALWAYS_EMBED_SWIFT_STANDARD_LIBRARIES = YES;
				CODE_SIGN_STYLE = Automatic;
				CURRENT_PROJECT_VERSION = 1;
				DEVELOPMENT_TEAM = RV78ENMXZ2;
				GENERATE_INFOPLIST_FILE = YES;
				IPHONEOS_DEPLOYMENT_TARGET = 15.4;
				MARKETING_VERSION = 1.0;
				PRODUCT_BUNDLE_IDENTIFIER = "luckdev.Tests-iOS";
				PRODUCT_NAME = "$(TARGET_NAME)";
				SDKROOT = iphoneos;
				SWIFT_EMIT_LOC_STRINGS = NO;
				SWIFT_VERSION = 5.0;
				TARGETED_DEVICE_FAMILY = "1,2";
				TEST_TARGET_NAME = "Science Calculator (iOS)";
				VALIDATE_PRODUCT = YES;
			};
			name = Release;
		};
		0A4A97812815BA4700E43BD3 /* Debug */ = {
			isa = XCBuildConfiguration;
			buildSettings = {
				ALWAYS_EMBED_SWIFT_STANDARD_LIBRARIES = YES;
				CODE_SIGN_STYLE = Automatic;
				CURRENT_PROJECT_VERSION = 1;
				DEVELOPMENT_TEAM = RV78ENMXZ2;
				GENERATE_INFOPLIST_FILE = YES;
				MACOSX_DEPLOYMENT_TARGET = 12.2;
				MARKETING_VERSION = 1.0;
				PRODUCT_BUNDLE_IDENTIFIER = "luckdev.Tests-macOS";
				PRODUCT_NAME = "$(TARGET_NAME)";
				SDKROOT = macosx;
				SWIFT_EMIT_LOC_STRINGS = NO;
				SWIFT_VERSION = 5.0;
				TEST_TARGET_NAME = "Science Calculator (macOS)";
			};
			name = Debug;
		};
		0A4A97822815BA4700E43BD3 /* Release */ = {
			isa = XCBuildConfiguration;
			buildSettings = {
				ALWAYS_EMBED_SWIFT_STANDARD_LIBRARIES = YES;
				CODE_SIGN_STYLE = Automatic;
				CURRENT_PROJECT_VERSION = 1;
				DEVELOPMENT_TEAM = RV78ENMXZ2;
				GENERATE_INFOPLIST_FILE = YES;
				MACOSX_DEPLOYMENT_TARGET = 12.2;
				MARKETING_VERSION = 1.0;
				PRODUCT_BUNDLE_IDENTIFIER = "luckdev.Tests-macOS";
				PRODUCT_NAME = "$(TARGET_NAME)";
				SDKROOT = macosx;
				SWIFT_EMIT_LOC_STRINGS = NO;
				SWIFT_VERSION = 5.0;
				TEST_TARGET_NAME = "Science Calculator (macOS)";
			};
			name = Release;
		};
/* End XCBuildConfiguration section */

/* Begin XCConfigurationList section */
		0A4A97452815BA4500E43BD3 /* Build configuration list for PBXProject "Science Calculator" */ = {
			isa = XCConfigurationList;
			buildConfigurations = (
				0A4A97752815BA4700E43BD3 /* Debug */,
				0A4A97762815BA4700E43BD3 /* Release */,
			);
			defaultConfigurationIsVisible = 0;
			defaultConfigurationName = Release;
		};
		0A4A97772815BA4700E43BD3 /* Build configuration list for PBXNativeTarget "Science Calculator (iOS)" */ = {
			isa = XCConfigurationList;
			buildConfigurations = (
				0A4A97782815BA4700E43BD3 /* Debug */,
				0A4A97792815BA4700E43BD3 /* Release */,
			);
			defaultConfigurationIsVisible = 0;
			defaultConfigurationName = Release;
		};
		0A4A977A2815BA4700E43BD3 /* Build configuration list for PBXNativeTarget "Science Calculator (macOS)" */ = {
			isa = XCConfigurationList;
			buildConfigurations = (
				0A4A977B2815BA4700E43BD3 /* Debug */,
				0A4A977C2815BA4700E43BD3 /* Release */,
			);
			defaultConfigurationIsVisible = 0;
			defaultConfigurationName = Release;
		};
		0A4A977D2815BA4700E43BD3 /* Build configuration list for PBXNativeTarget "Tests iOS" */ = {
			isa = XCConfigurationList;
			buildConfigurations = (
				0A4A977E2815BA4700E43BD3 /* Debug */,
				0A4A977F2815BA4700E43BD3 /* Release */,
			);
			defaultConfigurationIsVisible = 0;
			defaultConfigurationName = Release;
		};
		0A4A97802815BA4700E43BD3 /* Build configuration list for PBXNativeTarget "Tests macOS" */ = {
			isa = XCConfigurationList;
			buildConfigurations = (
				0A4A97812815BA4700E43BD3 /* Debug */,
				0A4A97822815BA4700E43BD3 /* Release */,
			);
			defaultConfigurationIsVisible = 0;
			defaultConfigurationName = Release;
		};
/* End XCConfigurationList section */
	};
	rootObject = 0A4A97422815BA4500E43BD3 /* Project object */;
}
